
Microsoft Visual Studio Solution File, Format Version 12.00
# Visual Studio Version 17
VisualStudioVersion = 17.5.33424.131
MinimumVisualStudioVersion = 10.0.40219.1
Project("{9A19103F-16F7-4668-BE54-9A1E7A4F7556}") = "UnitTest", "UnitTest\UnitTest.csproj", "{BB8A6131-17F9-4784-8436-B504136EA407}"
EndProject
Project("{FAE04EC0-301F-11D3-BF4B-00C04F79EFBC}") = "Data", "Data\Data.csproj", "{9DBEF32B-2ED1-49A6-B8AC-996A17E45FB5}"
EndProject
Project("{FAE04EC0-301F-11D3-BF4B-00C04F79EFBC}") = "Logic", "Logic\Logic.csproj", "{6120A261-AF24-4E71-A4D2-76FE505D0C66}"
EndProject
Project("{FAE04EC0-301F-11D3-BF4B-00C04F79EFBC}") = "Presentation", "Presentation\Presentation.csproj", "{FB20AF36-2A5C-42A4-B035-AE66E1FA9EEB}"
EndProject
Global
	GlobalSection(SolutionConfigurationPlatforms) = preSolution
		Debug|Any CPU = Debug|Any CPU
		Release|Any CPU = Release|Any CPU
	EndGlobalSection
	GlobalSection(ProjectConfigurationPlatforms) = postSolution
		{BB8A6131-17F9-4784-8436-B504136EA407}.Debug|Any CPU.ActiveCfg = Debug|Any CPU
		{BB8A6131-17F9-4784-8436-B504136EA407}.Debug|Any CPU.Build.0 = Debug|Any CPU
		{BB8A6131-17F9-4784-8436-B504136EA407}.Release|Any CPU.ActiveCfg = Release|Any CPU
		{BB8A6131-17F9-4784-8436-B504136EA407}.Release|Any CPU.Build.0 = Release|Any CPU
		{9DBEF32B-2ED1-49A6-B8AC-996A17E45FB5}.Debug|Any CPU.ActiveCfg = Debug|Any CPU
		{9DBEF32B-2ED1-49A6-B8AC-996A17E45FB5}.Debug|Any CPU.Build.0 = Debug|Any CPU
		{9DBEF32B-2ED1-49A6-B8AC-996A17E45FB5}.Release|Any CPU.ActiveCfg = Release|Any CPU
		{9DBEF32B-2ED1-49A6-B8AC-996A17E45FB5}.Release|Any CPU.Build.0 = Release|Any CPU
		{6120A261-AF24-4E71-A4D2-76FE505D0C66}.Debug|Any CPU.ActiveCfg = Debug|Any CPU
		{6120A261-AF24-4E71-A4D2-76FE505D0C66}.Debug|Any CPU.Build.0 = Debug|Any CPU
		{6120A261-AF24-4E71-A4D2-76FE505D0C66}.Release|Any CPU.ActiveCfg = Release|Any CPU
		{6120A261-AF24-4E71-A4D2-76FE505D0C66}.Release|Any CPU.Build.0 = Release|Any CPU
		{FB20AF36-2A5C-42A4-B035-AE66E1FA9EEB}.Debug|Any CPU.ActiveCfg = Debug|Any CPU
		{FB20AF36-2A5C-42A4-B035-AE66E1FA9EEB}.Debug|Any CPU.Build.0 = Debug|Any CPU
		{FB20AF36-2A5C-42A4-B035-AE66E1FA9EEB}.Release|Any CPU.ActiveCfg = Release|Any CPU
		{FB20AF36-2A5C-42A4-B035-AE66E1FA9EEB}.Release|Any CPU.Build.0 = Release|Any CPU
	EndGlobalSection
	GlobalSection(SolutionProperties) = preSolution
		HideSolutionNode = FALSE
	EndGlobalSection
	GlobalSection(ExtensibilityGlobals) = postSolution
		SolutionGuid = {F8355DAC-CAFA-49B0-884A-B814CEE09639}
	EndGlobalSection
EndGlobal
